
Microsoft Visual Studio Solution File, Format Version 12.00
# Visual Studio Version 16
VisualStudioVersion = 16.0.30309.148
MinimumVisualStudioVersion = 10.0.40219.1
Project("{2150E333-8FDC-42A3-9474-1A3956D46DE8}") = "Application", "Application", "{BB88FA1E-145F-4B86-A298-36E4A3B6DB0E}"
EndProject
Project("{2150E333-8FDC-42A3-9474-1A3956D46DE8}") = "Domain", "Domain", "{AC743145-4ED1-4E86-A488-8DD8572E6629}"
EndProject
Project("{2150E333-8FDC-42A3-9474-1A3956D46DE8}") = "Infra.IoC", "Infra.IoC", "{AD672B27-28D3-45E8-986B-8E084032C796}"
EndProject
Project("{2150E333-8FDC-42A3-9474-1A3956D46DE8}") = "Infra.Data", "Infra.Data", "{0C419899-A8E5-45B9-AC6B-CEBDFB45BAF5}"
EndProject
Project("{2150E333-8FDC-42A3-9474-1A3956D46DE8}") = "Presentation", "Presentation", "{077935EE-5BD9-4351-AD7B-DB794E814CC4}"
EndProject
Project("{9A19103F-16F7-4668-BE54-9A1E7A4F7556}") = "CleanArch.Domain", "CleanArch.Domain\CleanArch.Domain.csproj", "{6A354CEB-216D-44B2-BD68-9163AFCBD658}"
EndProject
Project("{9A19103F-16F7-4668-BE54-9A1E7A4F7556}") = "CleanArch.Infra.Data", "CleanArch.Infra.Data\CleanArch.Infra.Data.csproj", "{592DF81C-9CA4-4C58-9208-162FF28C94E1}"
EndProject
Project("{9A19103F-16F7-4668-BE54-9A1E7A4F7556}") = "CleanArch.Mvc", "CleanArch.Mvc\CleanArch.Mvc.csproj", "{AC83E4AE-5188-4E7A-94C7-E46089DA2127}"
EndProject
Project("{9A19103F-16F7-4668-BE54-9A1E7A4F7556}") = "CleanArch.Application", "CleanArch.Application\CleanArch.Application.csproj", "{F152B81E-0171-456D-A2E4-668A0B265935}"
EndProject
Project("{9A19103F-16F7-4668-BE54-9A1E7A4F7556}") = "CleanArch.Infra.IoC", "CleanArch.Infra.IoC\CleanArch.Infra.IoC.csproj", "{10E2F89F-B96A-43B3-8C24-78FBD53B1922}"
EndProject
Project("{2150E333-8FDC-42A3-9474-1A3956D46DE8}") = "Infra.Bus", "Infra.Bus", "{391FCCEF-DC55-4CF7-8EEB-909E4AF78273}"
EndProject
Project("{2150E333-8FDC-42A3-9474-1A3956D46DE8}") = "Api", "Api", "{18764E88-5892-4C9F-BA29-E3AD038204C2}"
EndProject
Global
	GlobalSection(SolutionConfigurationPlatforms) = preSolution
		Debug|Any CPU = Debug|Any CPU
		Release|Any CPU = Release|Any CPU
	EndGlobalSection
	GlobalSection(ProjectConfigurationPlatforms) = postSolution
		{6A354CEB-216D-44B2-BD68-9163AFCBD658}.Debug|Any CPU.ActiveCfg = Debug|Any CPU
		{6A354CEB-216D-44B2-BD68-9163AFCBD658}.Debug|Any CPU.Build.0 = Debug|Any CPU
		{6A354CEB-216D-44B2-BD68-9163AFCBD658}.Release|Any CPU.ActiveCfg = Release|Any CPU
		{6A354CEB-216D-44B2-BD68-9163AFCBD658}.Release|Any CPU.Build.0 = Release|Any CPU
		{592DF81C-9CA4-4C58-9208-162FF28C94E1}.Debug|Any CPU.ActiveCfg = Debug|Any CPU
		{592DF81C-9CA4-4C58-9208-162FF28C94E1}.Debug|Any CPU.Build.0 = Debug|Any CPU
		{592DF81C-9CA4-4C58-9208-162FF28C94E1}.Release|Any CPU.ActiveCfg = Release|Any CPU
		{592DF81C-9CA4-4C58-9208-162FF28C94E1}.Release|Any CPU.Build.0 = Release|Any CPU
		{AC83E4AE-5188-4E7A-94C7-E46089DA2127}.Debug|Any CPU.ActiveCfg = Debug|Any CPU
		{AC83E4AE-5188-4E7A-94C7-E46089DA2127}.Debug|Any CPU.Build.0 = Debug|Any CPU
		{AC83E4AE-5188-4E7A-94C7-E46089DA2127}.Release|Any CPU.ActiveCfg = Release|Any CPU
		{AC83E4AE-5188-4E7A-94C7-E46089DA2127}.Release|Any CPU.Build.0 = Release|Any CPU
		{F152B81E-0171-456D-A2E4-668A0B265935}.Debug|Any CPU.ActiveCfg = Debug|Any CPU
		{F152B81E-0171-456D-A2E4-668A0B265935}.Debug|Any CPU.Build.0 = Debug|Any CPU
		{F152B81E-0171-456D-A2E4-668A0B265935}.Release|Any CPU.ActiveCfg = Release|Any CPU
		{F152B81E-0171-456D-A2E4-668A0B265935}.Release|Any CPU.Build.0 = Release|Any CPU
		{10E2F89F-B96A-43B3-8C24-78FBD53B1922}.Debug|Any CPU.ActiveCfg = Debug|Any CPU
		{10E2F89F-B96A-43B3-8C24-78FBD53B1922}.Debug|Any CPU.Build.0 = Debug|Any CPU
		{10E2F89F-B96A-43B3-8C24-78FBD53B1922}.Release|Any CPU.ActiveCfg = Release|Any CPU
		{10E2F89F-B96A-43B3-8C24-78FBD53B1922}.Release|Any CPU.Build.0 = Release|Any CPU
	EndGlobalSection
	GlobalSection(SolutionProperties) = preSolution
		HideSolutionNode = FALSE
	EndGlobalSection
	GlobalSection(NestedProjects) = preSolution
		{6A354CEB-216D-44B2-BD68-9163AFCBD658} = {AC743145-4ED1-4E86-A488-8DD8572E6629}
		{592DF81C-9CA4-4C58-9208-162FF28C94E1} = {0C419899-A8E5-45B9-AC6B-CEBDFB45BAF5}
		{AC83E4AE-5188-4E7A-94C7-E46089DA2127} = {077935EE-5BD9-4351-AD7B-DB794E814CC4}
		{F152B81E-0171-456D-A2E4-668A0B265935} = {BB88FA1E-145F-4B86-A298-36E4A3B6DB0E}
		{10E2F89F-B96A-43B3-8C24-78FBD53B1922} = {AD672B27-28D3-45E8-986B-8E084032C796}
	EndGlobalSection
	GlobalSection(ExtensibilityGlobals) = postSolution
		SolutionGuid = {E187DCC5-E107-43C0-864C-0E94593443C7}
	EndGlobalSection
EndGlobal
